
Microsoft Visual Studio Solution File, Format Version 12.00
# Visual Studio Version 16
VisualStudioVersion = 16.0.810.9
MinimumVisualStudioVersion = 10.0.40219.1
Project("{FAE04EC0-301F-11D3-BF4B-00C04F79EFBC}") = "HelloDroid", "HelloDroid\HelloDroid.csproj", "{5B8B8469-6333-4DC2-B99E-348BCB8B8B24}"
EndProject
Project("{FAE04EC0-301F-11D3-BF4B-00C04F79EFBC}") = "Hello", "Hello\Hello.csproj", "{B64715E0-F513-4A43-A123-1C57517B0063}"
EndProject
Project("{FAE04EC0-301F-11D3-BF4B-00C04F79EFBC}") = "HelloIOS", "HelloIOS\HelloIOS.csproj", "{95CC0B39-D8E0-40D6-BC2E-F1FA43A8258D}"
EndProject
Global
	GlobalSection(SolutionConfigurationPlatforms) = preSolution
		Debug|iPhoneSimulator = Debug|iPhoneSimulator
		Release|iPhoneSimulator = Release|iPhoneSimulator
		Debug|iPhone = Debug|iPhone
		Release|iPhone = Release|iPhone
	EndGlobalSection
	GlobalSection(ProjectConfigurationPlatforms) = postSolution
		{5B8B8469-6333-4DC2-B99E-348BCB8B8B24}.Debug|iPhoneSimulator.ActiveCfg = Debug|Any CPU
		{5B8B8469-6333-4DC2-B99E-348BCB8B8B24}.Debug|iPhoneSimulator.Build.0 = Debug|Any CPU
		{5B8B8469-6333-4DC2-B99E-348BCB8B8B24}.Release|iPhoneSimulator.ActiveCfg = Release|Any CPU
		{5B8B8469-6333-4DC2-B99E-348BCB8B8B24}.Release|iPhoneSimulator.Build.0 = Release|Any CPU
		{5B8B8469-6333-4DC2-B99E-348BCB8B8B24}.Debug|iPhone.ActiveCfg = Debug|Any CPU
		{5B8B8469-6333-4DC2-B99E-348BCB8B8B24}.Debug|iPhone.Build.0 = Debug|Any CPU
		{5B8B8469-6333-4DC2-B99E-348BCB8B8B24}.Release|iPhone.ActiveCfg = Release|Any CPU
		{5B8B8469-6333-4DC2-B99E-348BCB8B8B24}.Release|iPhone.Build.0 = Release|Any CPU
		{B64715E0-F513-4A43-A123-1C57517B0063}.Debug|iPhoneSimulator.ActiveCfg = Debug|Any CPU
		{B64715E0-F513-4A43-A123-1C57517B0063}.Debug|iPhoneSimulator.Build.0 = Debug|Any CPU
		{B64715E0-F513-4A43-A123-1C57517B0063}.Release|iPhoneSimulator.ActiveCfg = Release|Any CPU
		{B64715E0-F513-4A43-A123-1C57517B0063}.Release|iPhoneSimulator.Build.0 = Release|Any CPU
		{B64715E0-F513-4A43-A123-1C57517B0063}.Debug|iPhone.ActiveCfg = Debug|Any CPU
		{B64715E0-F513-4A43-A123-1C57517B0063}.Debug|iPhone.Build.0 = Debug|Any CPU
		{B64715E0-F513-4A43-A123-1C57517B0063}.Release|iPhone.ActiveCfg = Release|Any CPU
		{B64715E0-F513-4A43-A123-1C57517B0063}.Release|iPhone.Build.0 = Release|Any CPU
		{95CC0B39-D8E0-40D6-BC2E-F1FA43A8258D}.Debug|iPhoneSimulator.ActiveCfg = Debug|iPhoneSimulator
		{95CC0B39-D8E0-40D6-BC2E-F1FA43A8258D}.Debug|iPhoneSimulator.Build.0 = Debug|iPhoneSimulator
		{95CC0B39-D8E0-40D6-BC2E-F1FA43A8258D}.Release|iPhoneSimulator.ActiveCfg = Release|iPhoneSimulator
		{95CC0B39-D8E0-40D6-BC2E-F1FA43A8258D}.Release|iPhoneSimulator.Build.0 = Release|iPhoneSimulator
		{95CC0B39-D8E0-40D6-BC2E-F1FA43A8258D}.Debug|iPhone.ActiveCfg = Debug|iPhone
		{95CC0B39-D8E0-40D6-BC2E-F1FA43A8258D}.Debug|iPhone.Build.0 = Debug|iPhone
		{95CC0B39-D8E0-40D6-BC2E-F1FA43A8258D}.Release|iPhone.ActiveCfg = Release|iPhone
		{95CC0B39-D8E0-40D6-BC2E-F1FA43A8258D}.Release|iPhone.Build.0 = Release|iPhone
	EndGlobalSection
	GlobalSection(SolutionProperties) = preSolution
		HideSolutionNode = FALSE
	EndGlobalSection
	GlobalSection(ExtensibilityGlobals) = postSolution
		SolutionGuid = {294D247D-A9BE-4D17-A57E-6D029D13CBA0}
	EndGlobalSection
EndGlobal
